
Microsoft Visual Studio Solution File, Format Version 12.00
# Visual Studio Version 17
VisualStudioVersion = 17.5.002.0
MinimumVisualStudioVersion = 10.0.40219.1
Project("{9A19103F-16F7-4668-BE54-9A1E7A4F7556}") = "OnlineStoreAPI", "OnlineStoreAPI\OnlineStoreAPI.csproj", "{DB0F25DF-0CC6-48E8-B74D-57A7CDCF5804}"
EndProject
Global
	GlobalSection(SolutionConfigurationPlatforms) = preSolution
		Debug|Any CPU = Debug|Any CPU
		Release|Any CPU = Release|Any CPU
	EndGlobalSection
	GlobalSection(ProjectConfigurationPlatforms) = postSolution
		{DB0F25DF-0CC6-48E8-B74D-57A7CDCF5804}.Debug|Any CPU.ActiveCfg = Debug|Any CPU
		{DB0F25DF-0CC6-48E8-B74D-57A7CDCF5804}.Debug|Any CPU.Build.0 = Debug|Any CPU
		{DB0F25DF-0CC6-48E8-B74D-57A7CDCF5804}.Release|Any CPU.ActiveCfg = Release|Any CPU
		{DB0F25DF-0CC6-48E8-B74D-57A7CDCF5804}.Release|Any CPU.Build.0 = Release|Any CPU
	EndGlobalSection
	GlobalSection(SolutionProperties) = preSolution
		HideSolutionNode = FALSE
	EndGlobalSection
	GlobalSection(ExtensibilityGlobals) = postSolution
		SolutionGuid = {675CDB66-F089-44EE-B1CF-9561BDAE2179}
	EndGlobalSection
EndGlobal
